
Microsoft Visual Studio Solution File, Format Version 12.00
# Visual Studio 2013
VisualStudioVersion = 12.0.31101.0
MinimumVisualStudioVersion = 10.0.40219.1
Project("{8BC9CEB8-8B4A-11D0-8D11-00A0C91BC942}") = "네트워크서버", "네트워크서버.vcxproj", "{D6856B11-1C31-4BDD-AE58-41D8B4B886F3}"
EndProject
Global
	GlobalSection(SolutionConfigurationPlatforms) = preSolution
		Debug|Win32 = Debug|Win32
		Release|Win32 = Release|Win32
	EndGlobalSection
	GlobalSection(ProjectConfigurationPlatforms) = postSolution
		{D6856B11-1C31-4BDD-AE58-41D8B4B886F3}.Debug|Win32.ActiveCfg = Debug|Win32
		{D6856B11-1C31-4BDD-AE58-41D8B4B886F3}.Debug|Win32.Build.0 = Debug|Win32
		{D6856B11-1C31-4BDD-AE58-41D8B4B886F3}.Release|Win32.ActiveCfg = Release|Win32
		{D6856B11-1C31-4BDD-AE58-41D8B4B886F3}.Release|Win32.Build.0 = Release|Win32
	EndGlobalSection
	GlobalSection(SolutionProperties) = preSolution
		HideSolutionNode = FALSE
	EndGlobalSection
EndGlobal
